// !$*UTF8*$!
{
	archiveVersion = 1;
	classes = {
	};
	objectVersion = 46;
	objects = {

/* Begin PBXBuildFile section */
		CA65612015DA6BA500214A07 /* Cocoa.framework in Frameworks */ = {isa = PBXBuildFile; fileRef = CA65611F15DA6BA500214A07 /* Cocoa.framework */; };
		CA65612A15DA6BA500214A07 /* InfoPlist.strings in Resources */ = {isa = PBXBuildFile; fileRef = CA65612815DA6BA500214A07 /* InfoPlist.strings */; };
		CA65612C15DA6BA500214A07 /* main.m in Sources */ = {isa = PBXBuildFile; fileRef = CA65612B15DA6BA500214A07 /* main.m */; };
		CA65613315DA6BA500214A07 /* MSDocument.m in Sources */ = {isa = PBXBuildFile; fileRef = CA65613215DA6BA500214A07 /* MSDocument.m */; };
		CA65613615DA6BA500214A07 /* MSDocument.xib in Resources */ = {isa = PBXBuildFile; fileRef = CA65613415DA6BA500214A07 /* MSDocument.xib */; };
		CA65613915DA6BA500214A07 /* MainMenu.xib in Resources */ = {isa = PBXBuildFile; fileRef = CA65613715DA6BA500214A07 /* MainMenu.xib */; };
		CA65614115DA6BA500214A07 /* SenTestingKit.framework in Frameworks */ = {isa = PBXBuildFile; fileRef = CA65614015DA6BA500214A07 /* SenTestingKit.framework */; };
		CA65614215DA6BA500214A07 /* Cocoa.framework in Frameworks */ = {isa = PBXBuildFile; fileRef = CA65611F15DA6BA500214A07 /* Cocoa.framework */; };
		CA65614A15DA6BA500214A07 /* InfoPlist.strings in Resources */ = {isa = PBXBuildFile; fileRef = CA65614815DA6BA500214A07 /* InfoPlist.strings */; };
		CA65614D15DA6BA500214A07 /* Markdown_ViewerTests.m in Sources */ = {isa = PBXBuildFile; fileRef = CA65614C15DA6BA500214A07 /* Markdown_ViewerTests.m */; };
		CA65615C15DA8F8300214A07 /* ORCDiscount.framework in Frameworks */ = {isa = PBXBuildFile; fileRef = CA65615B15DA8F8300214A07 /* ORCDiscount.framework */; };
		CA65615E15DA938A00214A07 /* ORCDiscount.framework in Copy Frameworks */ = {isa = PBXBuildFile; fileRef = CA65615B15DA8F8300214A07 /* ORCDiscount.framework */; };
		CA65616015DA942500214A07 /* style.css in Resources */ = {isa = PBXBuildFile; fileRef = CA65615F15DA942500214A07 /* style.css */; };
		CA65616215DA97C000214A07 /* WebKit.framework in Frameworks */ = {isa = PBXBuildFile; fileRef = CA65616115DA97C000214A07 /* WebKit.framework */; };
		CAC0B38E15EBB3B2003FDD78 /* Localizable.strings in Resources */ = {isa = PBXBuildFile; fileRef = CAC0B39015EBB3B2003FDD78 /* Localizable.strings */; };
		CAC0B39915EBB792003FDD78 /* versioning.zsh in Resources */ = {isa = PBXBuildFile; fileRef = CAC0B39815EBB792003FDD78 /* versioning.zsh */; };
		CAF301D815DC4AA3001ADEF1 /* QuickLook.framework in Frameworks */ = {isa = PBXBuildFile; fileRef = CAF301D715DC4AA3001ADEF1 /* QuickLook.framework */; };
		CAF301DA15DC4AA3001ADEF1 /* ApplicationServices.framework in Frameworks */ = {isa = PBXBuildFile; fileRef = CAF301D915DC4AA3001ADEF1 /* ApplicationServices.framework */; };
		CAF301DC15DC4AA3001ADEF1 /* CoreServices.framework in Frameworks */ = {isa = PBXBuildFile; fileRef = CAF301DB15DC4AA3001ADEF1 /* CoreServices.framework */; };
		CAF301DE15DC4AA3001ADEF1 /* CoreFoundation.framework in Frameworks */ = {isa = PBXBuildFile; fileRef = CAF301DD15DC4AA3001ADEF1 /* CoreFoundation.framework */; };
		CAF301E415DC4AA3001ADEF1 /* InfoPlist.strings in Resources */ = {isa = PBXBuildFile; fileRef = CAF301E215DC4AA3001ADEF1 /* InfoPlist.strings */; };
		CAF301E615DC4AA3001ADEF1 /* GenerateThumbnailForURL.m in Sources */ = {isa = PBXBuildFile; fileRef = CAF301E515DC4AA3001ADEF1 /* GenerateThumbnailForURL.m */; };
		CAF301E815DC4AA3001ADEF1 /* GeneratePreviewForURL.m in Sources */ = {isa = PBXBuildFile; fileRef = CAF301E715DC4AA3001ADEF1 /* GeneratePreviewForURL.m */; };
		CAF301EA15DC4AA3001ADEF1 /* main.m in Sources */ = {isa = PBXBuildFile; fileRef = CAF301E915DC4AA3001ADEF1 /* main.m */; };
		CAF301F415DC4CA6001ADEF1 /* ORCDiscount.framework in Frameworks */ = {isa = PBXBuildFile; fileRef = CA65615B15DA8F8300214A07 /* ORCDiscount.framework */; };
		CAF301F615DC4CB5001ADEF1 /* ORCDiscount.framework in Copy Frameworks */ = {isa = PBXBuildFile; fileRef = CA65615B15DA8F8300214A07 /* ORCDiscount.framework */; };
		CAF301FB15DD5305001ADEF1 /* Markdown Viewer QL.qlgenerator in CopyFiles */ = {isa = PBXBuildFile; fileRef = CAF301D615DC4AA3001ADEF1 /* Markdown Viewer QL.qlgenerator */; };
		CAF301FC15DD5969001ADEF1 /* Cocoa.framework in Frameworks */ = {isa = PBXBuildFile; fileRef = CA65611F15DA6BA500214A07 /* Cocoa.framework */; };
		CAF3043F15DD735A0073D15E /* MSError.m in Sources */ = {isa = PBXBuildFile; fileRef = CAF3043E15DD735A0073D15E /* MSError.m */; };
		CAF3044315DD7A880073D15E /* MSError.strings in Resources */ = {isa = PBXBuildFile; fileRef = CAF3044515DD7A880073D15E /* MSError.strings */; };
		CAF37F0715DE4E1A000B1B99 /* Quartz.framework in Frameworks */ = {isa = PBXBuildFile; fileRef = CAF37F0115DE4A7E000B1B99 /* Quartz.framework */; };
/* End PBXBuildFile section */

/* Begin PBXContainerItemProxy section */
		CA65614315DA6BA500214A07 /* PBXContainerItemProxy */ = {
			isa = PBXContainerItemProxy;
			containerPortal = CA65611215DA6BA500214A07 /* Project object */;
			proxyType = 1;
			remoteGlobalIDString = CA65611A15DA6BA500214A07;
			remoteInfo = "Markdown Viewer";
		};
		CAC0B39615EBB767003FDD78 /* PBXContainerItemProxy */ = {
			isa = PBXContainerItemProxy;
			containerPortal = CA65611215DA6BA500214A07 /* Project object */;
			proxyType = 1;
			remoteGlobalIDString = CAC0B39215EBB757003FDD78;
			remoteInfo = Versioning;
		};
		CAF301F815DD529A001ADEF1 /* PBXContainerItemProxy */ = {
			isa = PBXContainerItemProxy;
			containerPortal = CA65611215DA6BA500214A07 /* Project object */;
			proxyType = 1;
			remoteGlobalIDString = CAF301D515DC4AA3001ADEF1;
			remoteInfo = "Markdown Viewer QL";
		};
/* End PBXContainerItemProxy section */

/* Begin PBXCopyFilesBuildPhase section */
		CA65615D15DA938100214A07 /* Copy Frameworks */ = {
			isa = PBXCopyFilesBuildPhase;
			buildActionMask = 2147483647;
			dstPath = "";
			dstSubfolderSpec = 10;
			files = (
				CA65615E15DA938A00214A07 /* ORCDiscount.framework in Copy Frameworks */,
			);
			name = "Copy Frameworks";
			runOnlyForDeploymentPostprocessing = 0;
		};
		CAF301F515DC4CAF001ADEF1 /* Copy Frameworks */ = {
			isa = PBXCopyFilesBuildPhase;
			buildActionMask = 2147483647;
			dstPath = "";
			dstSubfolderSpec = 10;
			files = (
				CAF301F615DC4CB5001ADEF1 /* ORCDiscount.framework in Copy Frameworks */,
			);
			name = "Copy Frameworks";
			runOnlyForDeploymentPostprocessing = 0;
		};
		CAF301FA15DD529E001ADEF1 /* CopyFiles */ = {
			isa = PBXCopyFilesBuildPhase;
			buildActionMask = 2147483647;
			dstPath = ../Library/QuickLook;
			dstSubfolderSpec = 7;
			files = (
				CAF301FB15DD5305001ADEF1 /* Markdown Viewer QL.qlgenerator in CopyFiles */,
			);
			runOnlyForDeploymentPostprocessing = 0;
		};
/* End PBXCopyFilesBuildPhase section */

/* Begin PBXFileReference section */
		CA65611B15DA6BA500214A07 /* Markdown Viewer.app */ = {isa = PBXFileReference; explicitFileType = wrapper.application; includeInIndex = 0; path = "Markdown Viewer.app"; sourceTree = BUILT_PRODUCTS_DIR; };
		CA65611F15DA6BA500214A07 /* Cocoa.framework */ = {isa = PBXFileReference; lastKnownFileType = wrapper.framework; name = Cocoa.framework; path = System/Library/Frameworks/Cocoa.framework; sourceTree = SDKROOT; };
		CA65612215DA6BA500214A07 /* AppKit.framework */ = {isa = PBXFileReference; lastKnownFileType = wrapper.framework; name = AppKit.framework; path = System/Library/Frameworks/AppKit.framework; sourceTree = SDKROOT; };
		CA65612315DA6BA500214A07 /* CoreData.framework */ = {isa = PBXFileReference; lastKnownFileType = wrapper.framework; name = CoreData.framework; path = System/Library/Frameworks/CoreData.framework; sourceTree = SDKROOT; };
		CA65612415DA6BA500214A07 /* Foundation.framework */ = {isa = PBXFileReference; lastKnownFileType = wrapper.framework; name = Foundation.framework; path = System/Library/Frameworks/Foundation.framework; sourceTree = SDKROOT; };
		CA65612715DA6BA500214A07 /* Markdown Viewer-Info.plist */ = {isa = PBXFileReference; lastKnownFileType = text.plist.xml; path = "Markdown Viewer-Info.plist"; sourceTree = "<group>"; };
		CA65612915DA6BA500214A07 /* en */ = {isa = PBXFileReference; lastKnownFileType = text.plist.strings; name = en; path = en.lproj/InfoPlist.strings; sourceTree = "<group>"; };
		CA65612B15DA6BA500214A07 /* main.m */ = {isa = PBXFileReference; lastKnownFileType = sourcecode.c.objc; path = main.m; sourceTree = "<group>"; };
		CA65612D15DA6BA500214A07 /* Markdown Viewer-Prefix.pch */ = {isa = PBXFileReference; lastKnownFileType = sourcecode.c.h; path = "Markdown Viewer-Prefix.pch"; sourceTree = "<group>"; };
		CA65613115DA6BA500214A07 /* MSDocument.h */ = {isa = PBXFileReference; lastKnownFileType = sourcecode.c.h; path = MSDocument.h; sourceTree = "<group>"; };
		CA65613215DA6BA500214A07 /* MSDocument.m */ = {isa = PBXFileReference; lastKnownFileType = sourcecode.c.objc; path = MSDocument.m; sourceTree = "<group>"; };
		CA65613F15DA6BA500214A07 /* Markdown ViewerTests.octest */ = {isa = PBXFileReference; explicitFileType = wrapper.cfbundle; includeInIndex = 0; path = "Markdown ViewerTests.octest"; sourceTree = BUILT_PRODUCTS_DIR; };
		CA65614015DA6BA500214A07 /* SenTestingKit.framework */ = {isa = PBXFileReference; lastKnownFileType = wrapper.framework; name = SenTestingKit.framework; path = Library/Frameworks/SenTestingKit.framework; sourceTree = DEVELOPER_DIR; };
		CA65614715DA6BA500214A07 /* Markdown ViewerTests-Info.plist */ = {isa = PBXFileReference; lastKnownFileType = text.plist.xml; path = "Markdown ViewerTests-Info.plist"; sourceTree = "<group>"; };
		CA65614915DA6BA500214A07 /* en */ = {isa = PBXFileReference; lastKnownFileType = text.plist.strings; name = en; path = en.lproj/InfoPlist.strings; sourceTree = "<group>"; };
		CA65614B15DA6BA500214A07 /* Markdown_ViewerTests.h */ = {isa = PBXFileReference; lastKnownFileType = sourcecode.c.h; path = Markdown_ViewerTests.h; sourceTree = "<group>"; };
		CA65614C15DA6BA500214A07 /* Markdown_ViewerTests.m */ = {isa = PBXFileReference; lastKnownFileType = sourcecode.c.objc; path = Markdown_ViewerTests.m; sourceTree = "<group>"; };
		CA65615B15DA8F8300214A07 /* ORCDiscount.framework */ = {isa = PBXFileReference; lastKnownFileType = wrapper.framework; path = ORCDiscount.framework; sourceTree = "<group>"; };
		CA65615F15DA942500214A07 /* style.css */ = {isa = PBXFileReference; fileEncoding = 4; lastKnownFileType = text.css; path = style.css; sourceTree = "<group>"; };
		CA65616115DA97C000214A07 /* WebKit.framework */ = {isa = PBXFileReference; lastKnownFileType = wrapper.framework; name = WebKit.framework; path = System/Library/Frameworks/WebKit.framework; sourceTree = SDKROOT; };
		CAC0B38215EBADCD003FDD78 /* Base */ = {isa = PBXFileReference; lastKnownFileType = file.xib; name = Base; path = Base.lproj/MSDocument.xib; sourceTree = "<group>"; };
		CAC0B38315EBADCD003FDD78 /* Base */ = {isa = PBXFileReference; lastKnownFileType = file.xib; name = Base; path = Base.lproj/MainMenu.xib; sourceTree = "<group>"; };
		CAC0B38515EBAE54003FDD78 /* de */ = {isa = PBXFileReference; lastKnownFileType = text.plist.strings; name = de; path = de.lproj/MSDocument.strings; sourceTree = "<group>"; };
		CAC0B38615EBAE54003FDD78 /* de */ = {isa = PBXFileReference; lastKnownFileType = text.plist.strings; name = de; path = de.lproj/MainMenu.strings; sourceTree = "<group>"; };
		CAC0B38715EBAE54003FDD78 /* de */ = {isa = PBXFileReference; lastKnownFileType = text.plist.strings; name = de; path = de.lproj/InfoPlist.strings; sourceTree = "<group>"; };
		CAC0B38915EBAE54003FDD78 /* de */ = {isa = PBXFileReference; lastKnownFileType = text.plist.strings; name = de; path = de.lproj/MSError.strings; sourceTree = "<group>"; };
		CAC0B38A15EBAE54003FDD78 /* de */ = {isa = PBXFileReference; lastKnownFileType = text.plist.strings; name = de; path = de.lproj/InfoPlist.strings; sourceTree = "<group>"; };
		CAC0B38B15EBAE54003FDD78 /* de */ = {isa = PBXFileReference; lastKnownFileType = text.plist.strings; name = de; path = de.lproj/InfoPlist.strings; sourceTree = "<group>"; };
		CAC0B38F15EBB3B2003FDD78 /* en */ = {isa = PBXFileReference; lastKnownFileType = text.plist.strings; name = en; path = en.lproj/Localizable.strings; sourceTree = "<group>"; };
		CAC0B39115EBB3B6003FDD78 /* de */ = {isa = PBXFileReference; lastKnownFileType = text.plist.strings; name = de; path = de.lproj/Localizable.strings; sourceTree = "<group>"; };
		CAC0B39815EBB792003FDD78 /* versioning.zsh */ = {isa = PBXFileReference; fileEncoding = 4; lastKnownFileType = text; path = versioning.zsh; sourceTree = "<group>"; };
		CAF301D615DC4AA3001ADEF1 /* Markdown Viewer QL.qlgenerator */ = {isa = PBXFileReference; explicitFileType = wrapper.cfbundle; includeInIndex = 0; path = "Markdown Viewer QL.qlgenerator"; sourceTree = BUILT_PRODUCTS_DIR; };
		CAF301D715DC4AA3001ADEF1 /* QuickLook.framework */ = {isa = PBXFileReference; lastKnownFileType = wrapper.framework; name = QuickLook.framework; path = System/Library/Frameworks/QuickLook.framework; sourceTree = SDKROOT; };
		CAF301D915DC4AA3001ADEF1 /* ApplicationServices.framework */ = {isa = PBXFileReference; lastKnownFileType = wrapper.framework; name = ApplicationServices.framework; path = System/Library/Frameworks/ApplicationServices.framework; sourceTree = SDKROOT; };
		CAF301DB15DC4AA3001ADEF1 /* CoreServices.framework */ = {isa = PBXFileReference; lastKnownFileType = wrapper.framework; name = CoreServices.framework; path = System/Library/Frameworks/CoreServices.framework; sourceTree = SDKROOT; };
		CAF301DD15DC4AA3001ADEF1 /* CoreFoundation.framework */ = {isa = PBXFileReference; lastKnownFileType = wrapper.framework; name = CoreFoundation.framework; path = System/Library/Frameworks/CoreFoundation.framework; sourceTree = SDKROOT; };
		CAF301E115DC4AA3001ADEF1 /* Markdown Viewer QL-Info.plist */ = {isa = PBXFileReference; lastKnownFileType = text.plist.xml; path = "Markdown Viewer QL-Info.plist"; sourceTree = "<group>"; };
		CAF301E315DC4AA3001ADEF1 /* en */ = {isa = PBXFileReference; lastKnownFileType = text.plist.strings; name = en; path = en.lproj/InfoPlist.strings; sourceTree = "<group>"; };
		CAF301E515DC4AA3001ADEF1 /* GenerateThumbnailForURL.m */ = {isa = PBXFileReference; lastKnownFileType = sourcecode.c.objc; path = GenerateThumbnailForURL.m; sourceTree = "<group>"; };
		CAF301E715DC4AA3001ADEF1 /* GeneratePreviewForURL.m */ = {isa = PBXFileReference; lastKnownFileType = sourcecode.c.objc; path = GeneratePreviewForURL.m; sourceTree = "<group>"; };
		CAF301E915DC4AA3001ADEF1 /* main.m */ = {isa = PBXFileReference; lastKnownFileType = sourcecode.c.objc; path = main.m; sourceTree = "<group>"; };
		CAF301EB15DC4AA3001ADEF1 /* Markdown Viewer QL-Prefix.pch */ = {isa = PBXFileReference; lastKnownFileType = sourcecode.c.h; path = "Markdown Viewer QL-Prefix.pch"; sourceTree = "<group>"; };
		CAF3043D15DD735A0073D15E /* MSError.h */ = {isa = PBXFileReference; fileEncoding = 4; lastKnownFileType = sourcecode.c.h; path = MSError.h; sourceTree = "<group>"; };
		CAF3043E15DD735A0073D15E /* MSError.m */ = {isa = PBXFileReference; fileEncoding = 4; lastKnownFileType = sourcecode.c.objc; path = MSError.m; sourceTree = "<group>"; };
		CAF3044415DD7A880073D15E /* en */ = {isa = PBXFileReference; lastKnownFileType = text.plist.strings; name = en; path = en.lproj/MSError.strings; sourceTree = "<group>"; };
		CAF37F0115DE4A7E000B1B99 /* Quartz.framework */ = {isa = PBXFileReference; lastKnownFileType = wrapper.framework; name = Quartz.framework; path = System/Library/Frameworks/Quartz.framework; sourceTree = SDKROOT; };
/* End PBXFileReference section */

/* Begin PBXFrameworksBuildPhase section */
		CA65611815DA6BA500214A07 /* Frameworks */ = {
			isa = PBXFrameworksBuildPhase;
			buildActionMask = 2147483647;
			files = (
				CAF37F0715DE4E1A000B1B99 /* Quartz.framework in Frameworks */,
				CA65616215DA97C000214A07 /* WebKit.framework in Frameworks */,
				CA65612015DA6BA500214A07 /* Cocoa.framework in Frameworks */,
				CA65615C15DA8F8300214A07 /* ORCDiscount.framework in Frameworks */,
			);
			runOnlyForDeploymentPostprocessing = 0;
		};
		CA65613B15DA6BA500214A07 /* Frameworks */ = {
			isa = PBXFrameworksBuildPhase;
			buildActionMask = 2147483647;
			files = (
				CA65614115DA6BA500214A07 /* SenTestingKit.framework in Frameworks */,
				CA65614215DA6BA500214A07 /* Cocoa.framework in Frameworks */,
			);
			runOnlyForDeploymentPostprocessing = 0;
		};
		CAF301D115DC4AA3001ADEF1 /* Frameworks */ = {
			isa = PBXFrameworksBuildPhase;
			buildActionMask = 2147483647;
			files = (
				CAF301D815DC4AA3001ADEF1 /* QuickLook.framework in Frameworks */,
				CAF301DA15DC4AA3001ADEF1 /* ApplicationServices.framework in Frameworks */,
				CAF301DC15DC4AA3001ADEF1 /* CoreServices.framework in Frameworks */,
				CAF301DE15DC4AA3001ADEF1 /* CoreFoundation.framework in Frameworks */,
				CAF301F415DC4CA6001ADEF1 /* ORCDiscount.framework in Frameworks */,
				CAF301FC15DD5969001ADEF1 /* Cocoa.framework in Frameworks */,
			);
			runOnlyForDeploymentPostprocessing = 0;
		};
/* End PBXFrameworksBuildPhase section */

/* Begin PBXGroup section */
		CA65611015DA6BA500214A07 = {
			isa = PBXGroup;
			children = (
				CAC0B39815EBB792003FDD78 /* versioning.zsh */,
				CA65612515DA6BA500214A07 /* Markdown Viewer */,
				CA65614515DA6BA500214A07 /* Markdown ViewerTests */,
				CAF301DF15DC4AA3001ADEF1 /* Markdown Viewer QL */,
				CA65611E15DA6BA500214A07 /* Frameworks */,
				CA65611C15DA6BA500214A07 /* Products */,
			);
			sourceTree = "<group>";
		};
		CA65611C15DA6BA500214A07 /* Products */ = {
			isa = PBXGroup;
			children = (
				CA65611B15DA6BA500214A07 /* Markdown Viewer.app */,
				CA65613F15DA6BA500214A07 /* Markdown ViewerTests.octest */,
				CAF301D615DC4AA3001ADEF1 /* Markdown Viewer QL.qlgenerator */,
			);
			name = Products;
			sourceTree = "<group>";
		};
		CA65611E15DA6BA500214A07 /* Frameworks */ = {
			isa = PBXGroup;
			children = (
				CA65616115DA97C000214A07 /* WebKit.framework */,
				CA65615B15DA8F8300214A07 /* ORCDiscount.framework */,
				CA65611F15DA6BA500214A07 /* Cocoa.framework */,
				CA65614015DA6BA500214A07 /* SenTestingKit.framework */,
				CAF301D715DC4AA3001ADEF1 /* QuickLook.framework */,
				CAF301D915DC4AA3001ADEF1 /* ApplicationServices.framework */,
				CAF301DB15DC4AA3001ADEF1 /* CoreServices.framework */,
				CAF301DD15DC4AA3001ADEF1 /* CoreFoundation.framework */,
				CAF37F0115DE4A7E000B1B99 /* Quartz.framework */,
				CA65612115DA6BA500214A07 /* Other Frameworks */,
			);
			name = Frameworks;
			sourceTree = "<group>";
		};
		CA65612115DA6BA500214A07 /* Other Frameworks */ = {
			isa = PBXGroup;
			children = (
				CA65612215DA6BA500214A07 /* AppKit.framework */,
				CA65612315DA6BA500214A07 /* CoreData.framework */,
				CA65612415DA6BA500214A07 /* Foundation.framework */,
			);
			name = "Other Frameworks";
			sourceTree = "<group>";
		};
		CA65612515DA6BA500214A07 /* Markdown Viewer */ = {
			isa = PBXGroup;
			children = (
				CA65613115DA6BA500214A07 /* MSDocument.h */,
				CA65613215DA6BA500214A07 /* MSDocument.m */,
				CAF3043D15DD735A0073D15E /* MSError.h */,
				CAF3043E15DD735A0073D15E /* MSError.m */,
				CA65613415DA6BA500214A07 /* MSDocument.xib */,
				CA65613715DA6BA500214A07 /* MainMenu.xib */,
				CA65612615DA6BA500214A07 /* Supporting Files */,
			);
			path = "Markdown Viewer";
			sourceTree = "<group>";
		};
		CA65612615DA6BA500214A07 /* Supporting Files */ = {
			isa = PBXGroup;
			children = (
				CA65612715DA6BA500214A07 /* Markdown Viewer-Info.plist */,
				CA65612815DA6BA500214A07 /* InfoPlist.strings */,
				CA65612B15DA6BA500214A07 /* main.m */,
				CA65612D15DA6BA500214A07 /* Markdown Viewer-Prefix.pch */,
				CA65615F15DA942500214A07 /* style.css */,
				CAF3044515DD7A880073D15E /* MSError.strings */,
				CAC0B39015EBB3B2003FDD78 /* Localizable.strings */,
			);
			name = "Supporting Files";
			sourceTree = "<group>";
		};
		CA65614515DA6BA500214A07 /* Markdown ViewerTests */ = {
			isa = PBXGroup;
			children = (
				CA65614B15DA6BA500214A07 /* Markdown_ViewerTests.h */,
				CA65614C15DA6BA500214A07 /* Markdown_ViewerTests.m */,
				CA65614615DA6BA500214A07 /* Supporting Files */,
			);
			path = "Markdown ViewerTests";
			sourceTree = "<group>";
		};
		CA65614615DA6BA500214A07 /* Supporting Files */ = {
			isa = PBXGroup;
			children = (
				CA65614715DA6BA500214A07 /* Markdown ViewerTests-Info.plist */,
				CA65614815DA6BA500214A07 /* InfoPlist.strings */,
			);
			name = "Supporting Files";
			sourceTree = "<group>";
		};
		CAF301DF15DC4AA3001ADEF1 /* Markdown Viewer QL */ = {
			isa = PBXGroup;
			children = (
				CAF301E515DC4AA3001ADEF1 /* GenerateThumbnailForURL.m */,
				CAF301E715DC4AA3001ADEF1 /* GeneratePreviewForURL.m */,
				CAF301E915DC4AA3001ADEF1 /* main.m */,
				CAF301E015DC4AA3001ADEF1 /* Supporting Files */,
			);
			path = "Markdown Viewer QL";
			sourceTree = "<group>";
		};
		CAF301E015DC4AA3001ADEF1 /* Supporting Files */ = {
			isa = PBXGroup;
			children = (
				CAF301E115DC4AA3001ADEF1 /* Markdown Viewer QL-Info.plist */,
				CAF301E215DC4AA3001ADEF1 /* InfoPlist.strings */,
				CAF301EB15DC4AA3001ADEF1 /* Markdown Viewer QL-Prefix.pch */,
			);
			name = "Supporting Files";
			sourceTree = "<group>";
		};
/* End PBXGroup section */

/* Begin PBXHeadersBuildPhase section */
		CAF301D215DC4AA3001ADEF1 /* Headers */ = {
			isa = PBXHeadersBuildPhase;
			buildActionMask = 2147483647;
			files = (
			);
			runOnlyForDeploymentPostprocessing = 0;
		};
/* End PBXHeadersBuildPhase section */

/* Begin PBXLegacyTarget section */
		CAC0B39215EBB757003FDD78 /* Versioning */ = {
			isa = PBXLegacyTarget;
			buildArgumentsString = "";
			buildConfigurationList = CAC0B39315EBB757003FDD78 /* Build configuration list for PBXLegacyTarget "Versioning" */;
			buildPhases = (
			);
			buildToolPath = ./versioning.zsh;
			buildWorkingDirectory = "";
			dependencies = (
			);
			name = Versioning;
			passBuildSettingsInEnvironment = 1;
			productName = Versioning;
		};
/* End PBXLegacyTarget section */

/* Begin PBXNativeTarget section */
		CA65611A15DA6BA500214A07 /* Markdown Viewer */ = {
			isa = PBXNativeTarget;
			buildConfigurationList = CA65615015DA6BA500214A07 /* Build configuration list for PBXNativeTarget "Markdown Viewer" */;
			buildPhases = (
				CA65611715DA6BA500214A07 /* Sources */,
				CA65611815DA6BA500214A07 /* Frameworks */,
				CA65611915DA6BA500214A07 /* Resources */,
				CA65615D15DA938100214A07 /* Copy Frameworks */,
				CAF301FA15DD529E001ADEF1 /* CopyFiles */,
			);
			buildRules = (
			);
			dependencies = (
				CAC0B39715EBB767003FDD78 /* PBXTargetDependency */,
				CAF301F915DD529A001ADEF1 /* PBXTargetDependency */,
			);
			name = "Markdown Viewer";
			productName = "Markdown Viewer";
			productReference = CA65611B15DA6BA500214A07 /* Markdown Viewer.app */;
			productType = "com.apple.product-type.application";
		};
		CA65613E15DA6BA500214A07 /* Markdown ViewerTests */ = {
			isa = PBXNativeTarget;
			buildConfigurationList = CA65615315DA6BA500214A07 /* Build configuration list for PBXNativeTarget "Markdown ViewerTests" */;
			buildPhases = (
				CA65613A15DA6BA500214A07 /* Sources */,
				CA65613B15DA6BA500214A07 /* Frameworks */,
				CA65613C15DA6BA500214A07 /* Resources */,
				CA65613D15DA6BA500214A07 /* ShellScript */,
			);
			buildRules = (
			);
			dependencies = (
				CA65614415DA6BA500214A07 /* PBXTargetDependency */,
			);
			name = "Markdown ViewerTests";
			productName = "Markdown ViewerTests";
			productReference = CA65613F15DA6BA500214A07 /* Markdown ViewerTests.octest */;
			productType = "com.apple.product-type.bundle";
		};
		CAF301D515DC4AA3001ADEF1 /* Markdown Viewer QL */ = {
			isa = PBXNativeTarget;
			buildConfigurationList = CAF301EE15DC4AA3001ADEF1 /* Build configuration list for PBXNativeTarget "Markdown Viewer QL" */;
			buildPhases = (
				CAF301D015DC4AA3001ADEF1 /* Sources */,
				CAF301D115DC4AA3001ADEF1 /* Frameworks */,
				CAF301D215DC4AA3001ADEF1 /* Headers */,
				CAF301D315DC4AA3001ADEF1 /* Resources */,
				CAF301D415DC4AA3001ADEF1 /* Rez */,
				CAF301F515DC4CAF001ADEF1 /* Copy Frameworks */,
			);
			buildRules = (
			);
			dependencies = (
			);
			name = "Markdown Viewer QL";
			productName = "Markdown Viewer QL";
			productReference = CAF301D615DC4AA3001ADEF1 /* Markdown Viewer QL.qlgenerator */;
			productType = "com.apple.product-type.bundle";
		};
/* End PBXNativeTarget section */

/* Begin PBXProject section */
		CA65611215DA6BA500214A07 /* Project object */ = {
			isa = PBXProject;
			attributes = {
				CLASSPREFIX = MS;
				LastUpgradeCheck = 0440;
				ORGANIZATIONNAME = "Michael Seeberger";
			};
			buildConfigurationList = CA65611515DA6BA500214A07 /* Build configuration list for PBXProject "Markdown Viewer" */;
			compatibilityVersion = "Xcode 3.2";
			developmentRegion = English;
			hasScannedForEncodings = 0;
			knownRegions = (
				en,
				de,
			);
			mainGroup = CA65611015DA6BA500214A07;
			productRefGroup = CA65611C15DA6BA500214A07 /* Products */;
			projectDirPath = "";
			projectRoot = "";
			targets = (
				CA65611A15DA6BA500214A07 /* Markdown Viewer */,
				CA65613E15DA6BA500214A07 /* Markdown ViewerTests */,
				CAF301D515DC4AA3001ADEF1 /* Markdown Viewer QL */,
				CAC0B39215EBB757003FDD78 /* Versioning */,
			);
		};
/* End PBXProject section */

/* Begin PBXResourcesBuildPhase section */
		CA65611915DA6BA500214A07 /* Resources */ = {
			isa = PBXResourcesBuildPhase;
			buildActionMask = 2147483647;
			files = (
				CA65612A15DA6BA500214A07 /* InfoPlist.strings in Resources */,
				CA65613615DA6BA500214A07 /* MSDocument.xib in Resources */,
				CA65613915DA6BA500214A07 /* MainMenu.xib in Resources */,
				CA65616015DA942500214A07 /* style.css in Resources */,
				CAF3044315DD7A880073D15E /* MSError.strings in Resources */,
				CAC0B38E15EBB3B2003FDD78 /* Localizable.strings in Resources */,
				CAC0B39915EBB792003FDD78 /* versioning.zsh in Resources */,
			);
			runOnlyForDeploymentPostprocessing = 0;
		};
		CA65613C15DA6BA500214A07 /* Resources */ = {
			isa = PBXResourcesBuildPhase;
			buildActionMask = 2147483647;
			files = (
				CA65614A15DA6BA500214A07 /* InfoPlist.strings in Resources */,
			);
			runOnlyForDeploymentPostprocessing = 0;
		};
		CAF301D315DC4AA3001ADEF1 /* Resources */ = {
			isa = PBXResourcesBuildPhase;
			buildActionMask = 2147483647;
			files = (
				CAF301E415DC4AA3001ADEF1 /* InfoPlist.strings in Resources */,
			);
			runOnlyForDeploymentPostprocessing = 0;
		};
/* End PBXResourcesBuildPhase section */

/* Begin PBXRezBuildPhase section */
		CAF301D415DC4AA3001ADEF1 /* Rez */ = {
			isa = PBXRezBuildPhase;
			buildActionMask = 2147483647;
			files = (
			);
			runOnlyForDeploymentPostprocessing = 0;
		};
/* End PBXRezBuildPhase section */

/* Begin PBXShellScriptBuildPhase section */
		CA65613D15DA6BA500214A07 /* ShellScript */ = {
			isa = PBXShellScriptBuildPhase;
			buildActionMask = 2147483647;
			files = (
			);
			inputPaths = (
			);
			outputPaths = (
			);
			runOnlyForDeploymentPostprocessing = 0;
			shellPath = /bin/sh;
			shellScript = "# Run the unit tests in this test bundle.\n\"${SYSTEM_DEVELOPER_DIR}/Tools/RunUnitTests\"\n";
		};
/* End PBXShellScriptBuildPhase section */

/* Begin PBXSourcesBuildPhase section */
		CA65611715DA6BA500214A07 /* Sources */ = {
			isa = PBXSourcesBuildPhase;
			buildActionMask = 2147483647;
			files = (
				CA65612C15DA6BA500214A07 /* main.m in Sources */,
				CA65613315DA6BA500214A07 /* MSDocument.m in Sources */,
				CAF3043F15DD735A0073D15E /* MSError.m in Sources */,
			);
			runOnlyForDeploymentPostprocessing = 0;
		};
		CA65613A15DA6BA500214A07 /* Sources */ = {
			isa = PBXSourcesBuildPhase;
			buildActionMask = 2147483647;
			files = (
				CA65614D15DA6BA500214A07 /* Markdown_ViewerTests.m in Sources */,
			);
			runOnlyForDeploymentPostprocessing = 0;
		};
		CAF301D015DC4AA3001ADEF1 /* Sources */ = {
			isa = PBXSourcesBuildPhase;
			buildActionMask = 2147483647;
			files = (
				CAF301E615DC4AA3001ADEF1 /* GenerateThumbnailForURL.m in Sources */,
				CAF301E815DC4AA3001ADEF1 /* GeneratePreviewForURL.m in Sources */,
				CAF301EA15DC4AA3001ADEF1 /* main.m in Sources */,
			);
			runOnlyForDeploymentPostprocessing = 0;
		};
/* End PBXSourcesBuildPhase section */

/* Begin PBXTargetDependency section */
		CA65614415DA6BA500214A07 /* PBXTargetDependency */ = {
			isa = PBXTargetDependency;
			target = CA65611A15DA6BA500214A07 /* Markdown Viewer */;
			targetProxy = CA65614315DA6BA500214A07 /* PBXContainerItemProxy */;
		};
		CAC0B39715EBB767003FDD78 /* PBXTargetDependency */ = {
			isa = PBXTargetDependency;
			target = CAC0B39215EBB757003FDD78 /* Versioning */;
			targetProxy = CAC0B39615EBB767003FDD78 /* PBXContainerItemProxy */;
		};
		CAF301F915DD529A001ADEF1 /* PBXTargetDependency */ = {
			isa = PBXTargetDependency;
			target = CAF301D515DC4AA3001ADEF1 /* Markdown Viewer QL */;
			targetProxy = CAF301F815DD529A001ADEF1 /* PBXContainerItemProxy */;
		};
/* End PBXTargetDependency section */

/* Begin PBXVariantGroup section */
		CA65612815DA6BA500214A07 /* InfoPlist.strings */ = {
			isa = PBXVariantGroup;
			children = (
				CA65612915DA6BA500214A07 /* en */,
				CAC0B38715EBAE54003FDD78 /* de */,
			);
			name = InfoPlist.strings;
			sourceTree = "<group>";
		};
		CA65613415DA6BA500214A07 /* MSDocument.xib */ = {
			isa = PBXVariantGroup;
			children = (
				CAC0B38215EBADCD003FDD78 /* Base */,
				CAC0B38515EBAE54003FDD78 /* de */,
			);
			name = MSDocument.xib;
			sourceTree = "<group>";
		};
		CA65613715DA6BA500214A07 /* MainMenu.xib */ = {
			isa = PBXVariantGroup;
			children = (
				CAC0B38315EBADCD003FDD78 /* Base */,
				CAC0B38615EBAE54003FDD78 /* de */,
			);
			name = MainMenu.xib;
			sourceTree = "<group>";
		};
		CA65614815DA6BA500214A07 /* InfoPlist.strings */ = {
			isa = PBXVariantGroup;
			children = (
				CA65614915DA6BA500214A07 /* en */,
				CAC0B38B15EBAE54003FDD78 /* de */,
			);
			name = InfoPlist.strings;
			sourceTree = "<group>";
		};
		CAC0B39015EBB3B2003FDD78 /* Localizable.strings */ = {
			isa = PBXVariantGroup;
			children = (
				CAC0B38F15EBB3B2003FDD78 /* en */,
				CAC0B39115EBB3B6003FDD78 /* de */,
			);
			name = Localizable.strings;
			sourceTree = "<group>";
		};
		CAF301E215DC4AA3001ADEF1 /* InfoPlist.strings */ = {
			isa = PBXVariantGroup;
			children = (
				CAF301E315DC4AA3001ADEF1 /* en */,
				CAC0B38A15EBAE54003FDD78 /* de */,
			);
			name = InfoPlist.strings;
			sourceTree = "<group>";
		};
		CAF3044515DD7A880073D15E /* MSError.strings */ = {
			isa = PBXVariantGroup;
			children = (
				CAF3044415DD7A880073D15E /* en */,
				CAC0B38915EBAE54003FDD78 /* de */,
			);
			name = MSError.strings;
			sourceTree = "<group>";
		};
/* End PBXVariantGroup section */

/* Begin XCBuildConfiguration section */
		CA65614E15DA6BA500214A07 /* Debug */ = {
			isa = XCBuildConfiguration;
			buildSettings = {
				ALWAYS_SEARCH_USER_PATHS = NO;
				ARCHS = "$(ARCHS_STANDARD_64_BIT)";
				CLANG_CXX_LANGUAGE_STANDARD = "gnu++0x";
				CLANG_ENABLE_OBJC_ARC = YES;
				CLANG_WARN__DUPLICATE_METHOD_MATCH = YES;
				COPY_PHASE_STRIP = NO;
				GCC_C_LANGUAGE_STANDARD = gnu99;
				GCC_DYNAMIC_NO_PIC = NO;
				GCC_ENABLE_OBJC_EXCEPTIONS = YES;
				GCC_OPTIMIZATION_LEVEL = 0;
				GCC_PREPROCESSOR_DEFINITIONS = (
					"DEBUG=1",
					"$(inherited)",
				);
				GCC_SYMBOLS_PRIVATE_EXTERN = NO;
				GCC_WARN_64_TO_32_BIT_CONVERSION = YES;
				GCC_WARN_ABOUT_RETURN_TYPE = YES;
				GCC_WARN_UNINITIALIZED_AUTOS = YES;
				GCC_WARN_UNUSED_VARIABLE = YES;
				MACOSX_DEPLOYMENT_TARGET = 10.8;
				ONLY_ACTIVE_ARCH = YES;
				SDKROOT = macosx;
			};
			name = Debug;
		};
		CA65614F15DA6BA500214A07 /* Release */ = {
			isa = XCBuildConfiguration;
			buildSettings = {
				ALWAYS_SEARCH_USER_PATHS = NO;
				ARCHS = "$(ARCHS_STANDARD_64_BIT)";
				CLANG_CXX_LANGUAGE_STANDARD = "gnu++0x";
				CLANG_ENABLE_OBJC_ARC = YES;
				CLANG_WARN__DUPLICATE_METHOD_MATCH = YES;
				COPY_PHASE_STRIP = YES;
				DEBUG_INFORMATION_FORMAT = "dwarf-with-dsym";
				GCC_C_LANGUAGE_STANDARD = gnu99;
				GCC_ENABLE_OBJC_EXCEPTIONS = YES;
				GCC_WARN_64_TO_32_BIT_CONVERSION = YES;
				GCC_WARN_ABOUT_RETURN_TYPE = YES;
				GCC_WARN_UNINITIALIZED_AUTOS = YES;
				GCC_WARN_UNUSED_VARIABLE = YES;
				MACOSX_DEPLOYMENT_TARGET = 10.8;
				SDKROOT = macosx;
			};
			name = Release;
		};
		CA65615115DA6BA500214A07 /* Debug */ = {
			isa = XCBuildConfiguration;
			buildSettings = {
				COMBINE_HIDPI_IMAGES = YES;
				FRAMEWORK_SEARCH_PATHS = (
					"$(inherited)",
					"\"$(SRCROOT)\"",
				);
				GCC_PRECOMPILE_PREFIX_HEADER = YES;
				GCC_PREFIX_HEADER = "Markdown Viewer/Markdown Viewer-Prefix.pch";
				INFOPLIST_FILE = "Markdown Viewer/Markdown Viewer-Info.plist";
				INFOPLIST_PREFIX_HEADER = InfoPlist.h;
				INFOPLIST_PREPROCESS = YES;
				PRODUCT_NAME = "$(TARGET_NAME)";
				WRAPPER_EXTENSION = app;
			};
			name = Debug;
		};
		CA65615215DA6BA500214A07 /* Release */ = {
			isa = XCBuildConfiguration;
			buildSettings = {
				COMBINE_HIDPI_IMAGES = YES;
				FRAMEWORK_SEARCH_PATHS = (
					"$(inherited)",
					"\"$(SRCROOT)\"",
				);
				GCC_PRECOMPILE_PREFIX_HEADER = YES;
				GCC_PREFIX_HEADER = "Markdown Viewer/Markdown Viewer-Prefix.pch";
				INFOPLIST_FILE = "Markdown Viewer/Markdown Viewer-Info.plist";
				INFOPLIST_PREFIX_HEADER = InfoPlist.h;
				INFOPLIST_PREPROCESS = YES;
				PRODUCT_NAME = "$(TARGET_NAME)";
				WRAPPER_EXTENSION = app;
			};
			name = Release;
		};
		CA65615415DA6BA500214A07 /* Debug */ = {
			isa = XCBuildConfiguration;
			buildSettings = {
				BUNDLE_LOADER = "$(BUILT_PRODUCTS_DIR)/Markdown Viewer.app/Contents/MacOS/Markdown Viewer";
				COMBINE_HIDPI_IMAGES = YES;
				FRAMEWORK_SEARCH_PATHS = "\"$(DEVELOPER_LIBRARY_DIR)/Frameworks\"";
				GCC_PRECOMPILE_PREFIX_HEADER = YES;
				GCC_PREFIX_HEADER = "Markdown Viewer/Markdown Viewer-Prefix.pch";
				INFOPLIST_FILE = "Markdown ViewerTests/Markdown ViewerTests-Info.plist";
				PRODUCT_NAME = "$(TARGET_NAME)";
				TEST_HOST = "$(BUNDLE_LOADER)";
				WRAPPER_EXTENSION = octest;
			};
			name = Debug;
		};
		CA65615515DA6BA500214A07 /* Release */ = {
			isa = XCBuildConfiguration;
			buildSettings = {
				BUNDLE_LOADER = "$(BUILT_PRODUCTS_DIR)/Markdown Viewer.app/Contents/MacOS/Markdown Viewer";
				COMBINE_HIDPI_IMAGES = YES;
				FRAMEWORK_SEARCH_PATHS = "\"$(DEVELOPER_LIBRARY_DIR)/Frameworks\"";
				GCC_PRECOMPILE_PREFIX_HEADER = YES;
				GCC_PREFIX_HEADER = "Markdown Viewer/Markdown Viewer-Prefix.pch";
				INFOPLIST_FILE = "Markdown ViewerTests/Markdown ViewerTests-Info.plist";
				PRODUCT_NAME = "$(TARGET_NAME)";
				TEST_HOST = "$(BUNDLE_LOADER)";
				WRAPPER_EXTENSION = octest;
			};
			name = Release;
		};
		CAC0B39415EBB757003FDD78 /* Debug */ = {
			isa = XCBuildConfiguration;
			buildSettings = {
				DEBUGGING_SYMBOLS = YES;
				GCC_GENERATE_DEBUGGING_SYMBOLS = YES;
				GCC_OPTIMIZATION_LEVEL = 0;
				OTHER_CFLAGS = "";
				OTHER_LDFLAGS = "";
				PRODUCT_NAME = "$(TARGET_NAME)";
			};
			name = Debug;
		};
		CAC0B39515EBB757003FDD78 /* Release */ = {
			isa = XCBuildConfiguration;
			buildSettings = {
				OTHER_CFLAGS = "";
				OTHER_LDFLAGS = "";
				PRODUCT_NAME = "$(TARGET_NAME)";
			};
			name = Release;
		};
		CAF301EC15DC4AA3001ADEF1 /* Debug */ = {
			isa = XCBuildConfiguration;
			buildSettings = {
				COMBINE_HIDPI_IMAGES = YES;
				FRAMEWORK_SEARCH_PATHS = (
					"$(inherited)",
					"\"$(SRCROOT)\"",
					"\"$(SDKROOT)$(SYSTEM_LIBRARY_DIR)/Frameworks/Quartz.framework/Frameworks\"",
				);
				GCC_PRECOMPILE_PREFIX_HEADER = YES;
				GCC_PREFIX_HEADER = "Markdown Viewer QL/Markdown Viewer QL-Prefix.pch";
				INFOPLIST_FILE = "Markdown Viewer QL/Markdown Viewer QL-Info.plist";
				INSTALL_PATH = /Library/QuickLook;
				PRODUCT_NAME = "$(TARGET_NAME)";
				WRAPPER_EXTENSION = qlgenerator;
			};
			name = Debug;
		};
		CAF301ED15DC4AA3001ADEF1 /* Release */ = {
			isa = XCBuildConfiguration;
			buildSettings = {
				COMBINE_HIDPI_IMAGES = YES;
				FRAMEWORK_SEARCH_PATHS = (
					"$(inherited)",
					"\"$(SRCROOT)\"",
					"\"$(SDKROOT)$(SYSTEM_LIBRARY_DIR)/Frameworks/Quartz.framework/Frameworks\"",
				);
				GCC_PRECOMPILE_PREFIX_HEADER = YES;
				GCC_PREFIX_HEADER = "Markdown Viewer QL/Markdown Viewer QL-Prefix.pch";
				INFOPLIST_FILE = "Markdown Viewer QL/Markdown Viewer QL-Info.plist";
				INSTALL_PATH = /Library/QuickLook;
				PRODUCT_NAME = "$(TARGET_NAME)";
				WRAPPER_EXTENSION = qlgenerator;
			};
			name = Release;
		};
/* End XCBuildConfiguration section */

/* Begin XCConfigurationList section */
		CA65611515DA6BA500214A07 /* Build configuration list for PBXProject "Markdown Viewer" */ = {
			isa = XCConfigurationList;
			buildConfigurations = (
				CA65614E15DA6BA500214A07 /* Debug */,
				CA65614F15DA6BA500214A07 /* Release */,
			);
			defaultConfigurationIsVisible = 0;
			defaultConfigurationName = Release;
		};
		CA65615015DA6BA500214A07 /* Build configuration list for PBXNativeTarget "Markdown Viewer" */ = {
			isa = XCConfigurationList;
			buildConfigurations = (
				CA65615115DA6BA500214A07 /* Debug */,
				CA65615215DA6BA500214A07 /* Release */,
			);
			defaultConfigurationIsVisible = 0;
			defaultConfigurationName = Release;
		};
		CA65615315DA6BA500214A07 /* Build configuration list for PBXNativeTarget "Markdown ViewerTests" */ = {
			isa = XCConfigurationList;
			buildConfigurations = (
				CA65615415DA6BA500214A07 /* Debug */,
				CA65615515DA6BA500214A07 /* Release */,
			);
			defaultConfigurationIsVisible = 0;
			defaultConfigurationName = Release;
		};
		CAC0B39315EBB757003FDD78 /* Build configuration list for PBXLegacyTarget "Versioning" */ = {
			isa = XCConfigurationList;
			buildConfigurations = (
				CAC0B39415EBB757003FDD78 /* Debug */,
				CAC0B39515EBB757003FDD78 /* Release */,
			);
			defaultConfigurationIsVisible = 0;
			defaultConfigurationName = Release;
		};
		CAF301EE15DC4AA3001ADEF1 /* Build configuration list for PBXNativeTarget "Markdown Viewer QL" */ = {
			isa = XCConfigurationList;
			buildConfigurations = (
				CAF301EC15DC4AA3001ADEF1 /* Debug */,
				CAF301ED15DC4AA3001ADEF1 /* Release */,
			);
			defaultConfigurationIsVisible = 0;
			defaultConfigurationName = Release;
		};
/* End XCConfigurationList section */
	};
	rootObject = CA65611215DA6BA500214A07 /* Project object */;
}
